
Microsoft Visual Studio Solution File, Format Version 12.00
# Visual Studio Version 17
VisualStudioVersion = 17.4.33213.308
MinimumVisualStudioVersion = 10.0.40219.1
Project("{FAE04EC0-301F-11D3-BF4B-00C04F79EFBC}") = "Login_s7.Android", "Login_s7\Login_s7.Android\Login_s7.Android.csproj", "{FD873895-C336-4746-87B9-A61AD69C8D9C}"
EndProject
Project("{FAE04EC0-301F-11D3-BF4B-00C04F79EFBC}") = "Login_s7", "Login_s7\Login_s7\Login_s7.csproj", "{BCDF7628-4EFE-4108-9348-94924E01D9AD}"
EndProject
Global
	GlobalSection(SolutionConfigurationPlatforms) = preSolution
		Debug|Any CPU = Debug|Any CPU
		Release|Any CPU = Release|Any CPU
	EndGlobalSection
	GlobalSection(ProjectConfigurationPlatforms) = postSolution
		{FD873895-C336-4746-87B9-A61AD69C8D9C}.Debug|Any CPU.ActiveCfg = Debug|Any CPU
		{FD873895-C336-4746-87B9-A61AD69C8D9C}.Debug|Any CPU.Build.0 = Debug|Any CPU
		{FD873895-C336-4746-87B9-A61AD69C8D9C}.Debug|Any CPU.Deploy.0 = Debug|Any CPU
		{FD873895-C336-4746-87B9-A61AD69C8D9C}.Release|Any CPU.ActiveCfg = Release|Any CPU
		{FD873895-C336-4746-87B9-A61AD69C8D9C}.Release|Any CPU.Build.0 = Release|Any CPU
		{FD873895-C336-4746-87B9-A61AD69C8D9C}.Release|Any CPU.Deploy.0 = Release|Any CPU
		{BCDF7628-4EFE-4108-9348-94924E01D9AD}.Debug|Any CPU.ActiveCfg = Debug|Any CPU
		{BCDF7628-4EFE-4108-9348-94924E01D9AD}.Debug|Any CPU.Build.0 = Debug|Any CPU
		{BCDF7628-4EFE-4108-9348-94924E01D9AD}.Debug|Any CPU.Deploy.0 = Debug|Any CPU
		{BCDF7628-4EFE-4108-9348-94924E01D9AD}.Release|Any CPU.ActiveCfg = Release|Any CPU
		{BCDF7628-4EFE-4108-9348-94924E01D9AD}.Release|Any CPU.Build.0 = Release|Any CPU
		{BCDF7628-4EFE-4108-9348-94924E01D9AD}.Release|Any CPU.Deploy.0 = Release|Any CPU
	EndGlobalSection
	GlobalSection(SolutionProperties) = preSolution
		HideSolutionNode = FALSE
	EndGlobalSection
	GlobalSection(ExtensibilityGlobals) = postSolution
		SolutionGuid = {299821C2-7CF5-42D7-9024-2EFDCDFD3BCE}
	EndGlobalSection
EndGlobal
